
Microsoft Visual Studio Solution File, Format Version 12.00
# Visual Studio Version 17
VisualStudioVersion = 17.13.35818.85 d17.13
MinimumVisualStudioVersion = 10.0.40219.1
Project("{FAE04EC0-301F-11D3-BF4B-00C04F79EFBC}") = "FamiRom", "FamiRom\FamiRom.csproj", "{9A65F777-0C16-4ACD-BCB4-9F8212D535A5}"
EndProject
Global
	GlobalSection(SolutionConfigurationPlatforms) = preSolution
		Debug|Any CPU = Debug|Any CPU
		Release|Any CPU = Release|Any CPU
	EndGlobalSection
	GlobalSection(ProjectConfigurationPlatforms) = postSolution
		{9A65F777-0C16-4ACD-BCB4-9F8212D535A5}.Debug|Any CPU.ActiveCfg = Debug|Any CPU
		{9A65F777-0C16-4ACD-BCB4-9F8212D535A5}.Debug|Any CPU.Build.0 = Debug|Any CPU
		{9A65F777-0C16-4ACD-BCB4-9F8212D535A5}.Release|Any CPU.ActiveCfg = Release|Any CPU
		{9A65F777-0C16-4ACD-BCB4-9F8212D535A5}.Release|Any CPU.Build.0 = Release|Any CPU
	EndGlobalSection
	GlobalSection(SolutionProperties) = preSolution
		HideSolutionNode = FALSE
	EndGlobalSection
	GlobalSection(ExtensibilityGlobals) = postSolution
		SolutionGuid = {8EAD12A2-FFB2-4D21-B3FD-DFA380863D39}
	EndGlobalSection
EndGlobal
